
Microsoft Visual Studio Solution File, Format Version 12.00
# Visual Studio 14
VisualStudioVersion = 14.0.25420.1
MinimumVisualStudioVersion = 10.0.40219.1
Project("{FAE04EC0-301F-11D3-BF4B-00C04F79EFBC}") = "SellingTicket", "SellingTicket\SellingTicket.csproj", "{C120D1A0-6E53-4D4D-A74B-10AC55B1397A}"
EndProject
Project("{FAE04EC0-301F-11D3-BF4B-00C04F79EFBC}") = "BussinessLayer", "BussinessLayer\BussinessLayer.csproj", "{12B389C5-CD78-4660-8134-5F4579924E28}"
EndProject
Project("{FAE04EC0-301F-11D3-BF4B-00C04F79EFBC}") = "DataAccess", "DataAccess\DataAccess.csproj", "{EB1D84FB-FDBC-4B7E-9C95-54CF70AE211C}"
EndProject
Global
	GlobalSection(SolutionConfigurationPlatforms) = preSolution
		Debug|Any CPU = Debug|Any CPU
		Release|Any CPU = Release|Any CPU
	EndGlobalSection
	GlobalSection(ProjectConfigurationPlatforms) = postSolution
		{C120D1A0-6E53-4D4D-A74B-10AC55B1397A}.Debug|Any CPU.ActiveCfg = Debug|Any CPU
		{C120D1A0-6E53-4D4D-A74B-10AC55B1397A}.Debug|Any CPU.Build.0 = Debug|Any CPU
		{C120D1A0-6E53-4D4D-A74B-10AC55B1397A}.Release|Any CPU.ActiveCfg = Release|Any CPU
		{C120D1A0-6E53-4D4D-A74B-10AC55B1397A}.Release|Any CPU.Build.0 = Release|Any CPU
		{12B389C5-CD78-4660-8134-5F4579924E28}.Debug|Any CPU.ActiveCfg = Debug|Any CPU
		{12B389C5-CD78-4660-8134-5F4579924E28}.Debug|Any CPU.Build.0 = Debug|Any CPU
		{12B389C5-CD78-4660-8134-5F4579924E28}.Release|Any CPU.ActiveCfg = Release|Any CPU
		{12B389C5-CD78-4660-8134-5F4579924E28}.Release|Any CPU.Build.0 = Release|Any CPU
		{EB1D84FB-FDBC-4B7E-9C95-54CF70AE211C}.Debug|Any CPU.ActiveCfg = Debug|Any CPU
		{EB1D84FB-FDBC-4B7E-9C95-54CF70AE211C}.Debug|Any CPU.Build.0 = Debug|Any CPU
		{EB1D84FB-FDBC-4B7E-9C95-54CF70AE211C}.Release|Any CPU.ActiveCfg = Release|Any CPU
		{EB1D84FB-FDBC-4B7E-9C95-54CF70AE211C}.Release|Any CPU.Build.0 = Release|Any CPU
	EndGlobalSection
	GlobalSection(SolutionProperties) = preSolution
		HideSolutionNode = FALSE
	EndGlobalSection
EndGlobal
